<?xml version="1.0" encoding="utf-8"?>
<Project ToolsVersion="4.0" xmlns="http://schemas.microsoft.com/developer/msbuild/2003">
  <ItemGroup>
    <Filter Include="File di origine">
      <UniqueIdentifier>{4FC737F1-C7A5-4376-A066-2A32D752A2FF}</UniqueIdentifier>
      <Extensions>cpp;c;cc;cxx;c++;cppm;ixx;def;odl;idl;hpj;bat;asm;asmx</Extensions>
    </Filter>
    <Filter Include="File di intestazione">
      <UniqueIdentifier>{93995380-89BD-4b04-88EB-625FBE52EBFB}</UniqueIdentifier>
      <Extensions>h;hh;hpp;hxx;h++;hm;inl;inc;ipp;xsd</Extensions>
    </Filter>
    <Filter Include="File di risorse">
      <UniqueIdentifier>{67DA6AB6-F800-4c08-8B7A-83BB121AAD01}</UniqueIdentifier>
      <Extensions>rc;ico;cur;bmp;dlg;rc2;rct;bin;rgs;gif;jpg;jpeg;jpe;resx;tiff;tif;png;wav;mfcribbon-ms</Extensions>
    </Filter>
    <Filter Include="rwtools">
      <UniqueIdentifier>{262e5075-57e6-4b5d-b2e7-0f662015c65e}</UniqueIdentifier>
    </Filter>
    <Filter Include="lodepng">
      <UniqueIdentifier>{65b273bd-cb6c-4487-8047-dc0c99576bb5}</UniqueIdentifier>
    </Filter>
  </ItemGroup>
  <ItemGroup>
    <ClCompile Include="dff_converter.cpp">
      <Filter>File di origine</Filter>
    </ClCompile>
    <ClCompile Include="rwtools\dffconv.cpp">
      <Filter>rwtools</Filter>
    </ClCompile>
    <ClCompile Include="rwtools\dffread.cpp">
      <Filter>rwtools</Filter>
    </ClCompile>
    <ClCompile Include="rwtools\dffwrite.cpp">
      <Filter>rwtools</Filter>
    </ClCompile>
    <ClCompile Include="rwtools\dumprwtree.cpp">
      <Filter>rwtools</Filter>
    </ClCompile>
    <ClCompile Include="rwtools\oglnative.cpp">
      <Filter>rwtools</Filter>
    </ClCompile>
    <ClCompile Include="rwtools\ps2native.cpp">
      <Filter>rwtools</Filter>
    </ClCompile>
    <ClCompile Include="rwtools\renderware.cpp">
      <Filter>rwtools</Filter>
    </ClCompile>
    <ClCompile Include="rwtools\txdconv.cpp">
      <Filter>rwtools</Filter>
    </ClCompile>
    <ClCompile Include="rwtools\txdex.cpp">
      <Filter>rwtools</Filter>
    </ClCompile>
    <ClCompile Include="rwtools\txdread.cpp">
      <Filter>rwtools</Filter>
    </ClCompile>
    <ClCompile Include="rwtools\txdwrite.cpp">
      <Filter>rwtools</Filter>
    </ClCompile>
    <ClCompile Include="rwtools\uvanim.cpp">
      <Filter>rwtools</Filter>
    </ClCompile>
    <ClCompile Include="rwtools\xboxnative.cpp">
      <Filter>rwtools</Filter>
    </ClCompile>
    <ClCompile Include="Converter.cpp">
      <Filter>File di origine</Filter>
    </ClCompile>
    <ClCompile Include="ConverterGLTF.cpp">
      <Filter>File di origine</Filter>
    </ClCompile>
    <ClCompile Include="lodepng\lodepng.cpp">
      <Filter>lodepng</Filter>
    </ClCompile>
  </ItemGroup>
  <ItemGroup>
    <ClInclude Include="rwtools\renderware.h">
      <Filter>rwtools</Filter>
    </ClInclude>
    <ClInclude Include="rwtools\args.h">
      <Filter>rwtools</Filter>
    </ClInclude>
    <ClInclude Include="resource.h">
      <Filter>File di intestazione</Filter>
    </ClInclude>
    <ClInclude Include="Converter.h">
      <Filter>File di intestazione</Filter>
    </ClInclude>
    <ClInclude Include="ConverterGLTF.h">
      <Filter>File di intestazione</Filter>
    </ClInclude>
    <ClInclude Include="util.h">
      <Filter>File di intestazione</Filter>
    </ClInclude>
    <ClInclude Include="lodepng\lodepng.h">
      <Filter>lodepng</Filter>
    </ClInclude>
  </ItemGroup>
  <ItemGroup>
    <ResourceCompile Include="dff_converter.rc">
      <Filter>File di risorse</Filter>
    </ResourceCompile>
  </ItemGroup>
  <ItemGroup>
    <Media Include="s0beit.wav">
      <Filter>File di risorse</Filter>
    </Media>
  </ItemGroup>
</Project>