
Microsoft Visual Studio Solution File, Format Version 12.00
# Visual Studio Version 17
VisualStudioVersion = 17.6.33723.286
MinimumVisualStudioVersion = 10.0.40219.1
Project("{8BC9CEB8-8B4A-11D0-8D11-00A0C91BC942}") = "dff_converter", "dff_converter.vcxproj", "{4A746303-430D-4B47-BBE1-898C250E7F1F}"
EndProject
Global
	GlobalSection(SolutionConfigurationPlatforms) = preSolution
		Debug|x64 = Debug|x64
		Debug|x86 = Debug|x86
		Release|x64 = Release|x64
		Release|x86 = Release|x86
	EndGlobalSection
	GlobalSection(ProjectConfigurationPlatforms) = postSolution
		{4A746303-430D-4B47-BBE1-898C250E7F1F}.Debug|x64.ActiveCfg = Debug|x64
		{4A746303-430D-4B47-BBE1-898C250E7F1F}.Debug|x64.Build.0 = Debug|x64
		{4A746303-430D-4B47-BBE1-898C250E7F1F}.Debug|x86.ActiveCfg = Debug|Win32
		{4A746303-430D-4B47-BBE1-898C250E7F1F}.Debug|x86.Build.0 = Debug|Win32
		{4A746303-430D-4B47-BBE1-898C250E7F1F}.Release|x64.ActiveCfg = Release|x64
		{4A746303-430D-4B47-BBE1-898C250E7F1F}.Release|x64.Build.0 = Release|x64
		{4A746303-430D-4B47-BBE1-898C250E7F1F}.Release|x86.ActiveCfg = Release|Win32
		{4A746303-430D-4B47-BBE1-898C250E7F1F}.Release|x86.Build.0 = Release|Win32
	EndGlobalSection
	GlobalSection(SolutionProperties) = preSolution
		HideSolutionNode = FALSE
	EndGlobalSection
	GlobalSection(ExtensibilityGlobals) = postSolution
		SolutionGuid = {B766B9AB-C147-416F-9AA7-B2EE9061D6DF}
	EndGlobalSection
EndGlobal
